
Microsoft Visual Studio Solution File, Format Version 12.00
# Visual Studio Version 17
VisualStudioVersion = 17.1.32228.430
MinimumVisualStudioVersion = 10.0.40219.1
Project("{8BC9CEB8-8B4A-11D0-8D11-00A0C91BC942}") = "backspace", "backspace\backspace.vcxproj", "{81C7DB8A-DB05-49EA-94EA-8D5A795E2363}"
EndProject
Project("{8BC9CEB8-8B4A-11D0-8D11-00A0C91BC942}") = "test", "test\test.vcxproj", "{A291FCC2-A636-478E-BCEF-EB6867501813}"
EndProject
Project("{8BC9CEB8-8B4A-11D0-8D11-00A0C91BC942}") = "etc", "etc\etc.vcxproj", "{B6B7133E-178D-441E-BB68-EC9CDED6D716}"
EndProject
<<<<<<< Updated upstream
=======
Project("{8BC9CEB8-8B4A-11D0-8D11-00A0C91BC942}") = "fishbread", "fishbread\fishbread.vcxproj", "{B009B08A-3FE1-43B8-9FCE-A821D6E4E9F4}"
EndProject
Project("{8BC9CEB8-8B4A-11D0-8D11-00A0C91BC942}") = "baekjoon_2961", "baekjoon_2961\baekjoon_2961.vcxproj", "{E2D3A19E-6B7D-4E51-911D-1FD3EB18F87C}"
EndProject
>>>>>>> Stashed changes
Global
	GlobalSection(SolutionConfigurationPlatforms) = preSolution
		Debug|x64 = Debug|x64
		Debug|x86 = Debug|x86
		Release|x64 = Release|x64
		Release|x86 = Release|x86
	EndGlobalSection
	GlobalSection(ProjectConfigurationPlatforms) = postSolution
		{81C7DB8A-DB05-49EA-94EA-8D5A795E2363}.Debug|x64.ActiveCfg = Debug|x64
		{81C7DB8A-DB05-49EA-94EA-8D5A795E2363}.Debug|x64.Build.0 = Debug|x64
		{81C7DB8A-DB05-49EA-94EA-8D5A795E2363}.Debug|x86.ActiveCfg = Debug|Win32
		{81C7DB8A-DB05-49EA-94EA-8D5A795E2363}.Debug|x86.Build.0 = Debug|Win32
		{81C7DB8A-DB05-49EA-94EA-8D5A795E2363}.Release|x64.ActiveCfg = Release|x64
		{81C7DB8A-DB05-49EA-94EA-8D5A795E2363}.Release|x64.Build.0 = Release|x64
		{81C7DB8A-DB05-49EA-94EA-8D5A795E2363}.Release|x86.ActiveCfg = Release|Win32
		{81C7DB8A-DB05-49EA-94EA-8D5A795E2363}.Release|x86.Build.0 = Release|Win32
		{A291FCC2-A636-478E-BCEF-EB6867501813}.Debug|x64.ActiveCfg = Debug|x64
		{A291FCC2-A636-478E-BCEF-EB6867501813}.Debug|x64.Build.0 = Debug|x64
		{A291FCC2-A636-478E-BCEF-EB6867501813}.Debug|x86.ActiveCfg = Debug|Win32
		{A291FCC2-A636-478E-BCEF-EB6867501813}.Debug|x86.Build.0 = Debug|Win32
		{A291FCC2-A636-478E-BCEF-EB6867501813}.Release|x64.ActiveCfg = Release|x64
		{A291FCC2-A636-478E-BCEF-EB6867501813}.Release|x64.Build.0 = Release|x64
		{A291FCC2-A636-478E-BCEF-EB6867501813}.Release|x86.ActiveCfg = Release|Win32
		{A291FCC2-A636-478E-BCEF-EB6867501813}.Release|x86.Build.0 = Release|Win32
		{B6B7133E-178D-441E-BB68-EC9CDED6D716}.Debug|x64.ActiveCfg = Debug|x64
		{B6B7133E-178D-441E-BB68-EC9CDED6D716}.Debug|x64.Build.0 = Debug|x64
		{B6B7133E-178D-441E-BB68-EC9CDED6D716}.Debug|x86.ActiveCfg = Debug|Win32
		{B6B7133E-178D-441E-BB68-EC9CDED6D716}.Debug|x86.Build.0 = Debug|Win32
		{B6B7133E-178D-441E-BB68-EC9CDED6D716}.Release|x64.ActiveCfg = Release|x64
		{B6B7133E-178D-441E-BB68-EC9CDED6D716}.Release|x64.Build.0 = Release|x64
		{B6B7133E-178D-441E-BB68-EC9CDED6D716}.Release|x86.ActiveCfg = Release|Win32
		{B6B7133E-178D-441E-BB68-EC9CDED6D716}.Release|x86.Build.0 = Release|Win32
<<<<<<< Updated upstream
=======
		{B009B08A-3FE1-43B8-9FCE-A821D6E4E9F4}.Debug|x64.ActiveCfg = Debug|x64
		{B009B08A-3FE1-43B8-9FCE-A821D6E4E9F4}.Debug|x64.Build.0 = Debug|x64
		{B009B08A-3FE1-43B8-9FCE-A821D6E4E9F4}.Debug|x86.ActiveCfg = Debug|Win32
		{B009B08A-3FE1-43B8-9FCE-A821D6E4E9F4}.Debug|x86.Build.0 = Debug|Win32
		{B009B08A-3FE1-43B8-9FCE-A821D6E4E9F4}.Release|x64.ActiveCfg = Release|x64
		{B009B08A-3FE1-43B8-9FCE-A821D6E4E9F4}.Release|x64.Build.0 = Release|x64
		{B009B08A-3FE1-43B8-9FCE-A821D6E4E9F4}.Release|x86.ActiveCfg = Release|Win32
		{B009B08A-3FE1-43B8-9FCE-A821D6E4E9F4}.Release|x86.Build.0 = Release|Win32
		{E2D3A19E-6B7D-4E51-911D-1FD3EB18F87C}.Debug|x64.ActiveCfg = Debug|x64
		{E2D3A19E-6B7D-4E51-911D-1FD3EB18F87C}.Debug|x64.Build.0 = Debug|x64
		{E2D3A19E-6B7D-4E51-911D-1FD3EB18F87C}.Debug|x86.ActiveCfg = Debug|Win32
		{E2D3A19E-6B7D-4E51-911D-1FD3EB18F87C}.Debug|x86.Build.0 = Debug|Win32
		{E2D3A19E-6B7D-4E51-911D-1FD3EB18F87C}.Release|x64.ActiveCfg = Release|x64
		{E2D3A19E-6B7D-4E51-911D-1FD3EB18F87C}.Release|x64.Build.0 = Release|x64
		{E2D3A19E-6B7D-4E51-911D-1FD3EB18F87C}.Release|x86.ActiveCfg = Release|Win32
		{E2D3A19E-6B7D-4E51-911D-1FD3EB18F87C}.Release|x86.Build.0 = Release|Win32
>>>>>>> Stashed changes
	EndGlobalSection
	GlobalSection(SolutionProperties) = preSolution
		HideSolutionNode = FALSE
	EndGlobalSection
	GlobalSection(ExtensibilityGlobals) = postSolution
		SolutionGuid = {5ECEAB5F-1671-4CD8-97DB-A55277EA88A9}
	EndGlobalSection
EndGlobal
