
Microsoft Visual Studio Solution File, Format Version 12.00
# Visual Studio Version 17
VisualStudioVersion = 17.1.32228.430
MinimumVisualStudioVersion = 10.0.40219.1
Project("{8BC9CEB8-8B4A-11D0-8D11-00A0C91BC942}") = "project1", "project1\project1.vcxproj", "{60137530-9776-4882-BF15-AB2426238913}"
EndProject
Project("{8BC9CEB8-8B4A-11D0-8D11-00A0C91BC942}") = "Project3", "Project3\Project3.vcxproj", "{6D6124C7-AAAF-4C41-99D6-B7A3452238C5}"
EndProject
Project("{8BC9CEB8-8B4A-11D0-8D11-00A0C91BC942}") = "test", "test\test.vcxproj", "{EC34BE16-BBF5-42A4-8948-82DB7B07AC40}"
EndProject
Global
	GlobalSection(SolutionConfigurationPlatforms) = preSolution
		Debug|x64 = Debug|x64
		Debug|x86 = Debug|x86
		Release|x64 = Release|x64
		Release|x86 = Release|x86
	EndGlobalSection
	GlobalSection(ProjectConfigurationPlatforms) = postSolution
		{60137530-9776-4882-BF15-AB2426238913}.Debug|x64.ActiveCfg = Debug|x64
		{60137530-9776-4882-BF15-AB2426238913}.Debug|x64.Build.0 = Debug|x64
		{60137530-9776-4882-BF15-AB2426238913}.Debug|x86.ActiveCfg = Debug|Win32
		{60137530-9776-4882-BF15-AB2426238913}.Debug|x86.Build.0 = Debug|Win32
		{60137530-9776-4882-BF15-AB2426238913}.Release|x64.ActiveCfg = Release|x64
		{60137530-9776-4882-BF15-AB2426238913}.Release|x64.Build.0 = Release|x64
		{60137530-9776-4882-BF15-AB2426238913}.Release|x86.ActiveCfg = Release|Win32
		{60137530-9776-4882-BF15-AB2426238913}.Release|x86.Build.0 = Release|Win32
		{6D6124C7-AAAF-4C41-99D6-B7A3452238C5}.Debug|x64.ActiveCfg = Debug|x64
		{6D6124C7-AAAF-4C41-99D6-B7A3452238C5}.Debug|x64.Build.0 = Debug|x64
		{6D6124C7-AAAF-4C41-99D6-B7A3452238C5}.Debug|x86.ActiveCfg = Debug|Win32
		{6D6124C7-AAAF-4C41-99D6-B7A3452238C5}.Debug|x86.Build.0 = Debug|Win32
		{6D6124C7-AAAF-4C41-99D6-B7A3452238C5}.Release|x64.ActiveCfg = Release|x64
		{6D6124C7-AAAF-4C41-99D6-B7A3452238C5}.Release|x64.Build.0 = Release|x64
		{6D6124C7-AAAF-4C41-99D6-B7A3452238C5}.Release|x86.ActiveCfg = Release|Win32
		{6D6124C7-AAAF-4C41-99D6-B7A3452238C5}.Release|x86.Build.0 = Release|Win32
		{EC34BE16-BBF5-42A4-8948-82DB7B07AC40}.Debug|x64.ActiveCfg = Debug|x64
		{EC34BE16-BBF5-42A4-8948-82DB7B07AC40}.Debug|x64.Build.0 = Debug|x64
		{EC34BE16-BBF5-42A4-8948-82DB7B07AC40}.Debug|x86.ActiveCfg = Debug|Win32
		{EC34BE16-BBF5-42A4-8948-82DB7B07AC40}.Debug|x86.Build.0 = Debug|Win32
		{EC34BE16-BBF5-42A4-8948-82DB7B07AC40}.Release|x64.ActiveCfg = Release|x64
		{EC34BE16-BBF5-42A4-8948-82DB7B07AC40}.Release|x64.Build.0 = Release|x64
		{EC34BE16-BBF5-42A4-8948-82DB7B07AC40}.Release|x86.ActiveCfg = Release|Win32
		{EC34BE16-BBF5-42A4-8948-82DB7B07AC40}.Release|x86.Build.0 = Release|Win32
	EndGlobalSection
	GlobalSection(SolutionProperties) = preSolution
		HideSolutionNode = FALSE
	EndGlobalSection
	GlobalSection(ExtensibilityGlobals) = postSolution
		SolutionGuid = {5ECEAB5F-1671-4CD8-97DB-A55277EA88A9}
	EndGlobalSection
EndGlobal
